Microsoft Visual Studio Solution File, Format Version 12.00
# Visual Studio Version 17
VisualStudioVersion = 17.5.2.0
MinimumVisualStudioVersion = 10.0.40219.1
Project("{FAE04EC0-301F-11D3-BF4B-00C04F79EFBC}") = "TableParser", "TableParser.csproj", "{33876C12-E294-4D89-6561-A5C8ED739643}"
EndProject
Global
	GlobalSection(SolutionConfigurationPlatforms) = preSolution
		Debug|Any CPU = Debug|Any CPU
		Release|Any CPU = Release|Any CPU
	EndGlobalSection
	GlobalSection(ProjectConfigurationPlatforms) = postSolution
		{33876C12-E294-4D89-6561-A5C8ED739643}.Debug|Any CPU.ActiveCfg = Debug|Any CPU
		{33876C12-E294-4D89-6561-A5C8ED739643}.Debug|Any CPU.Build.0 = Debug|Any CPU
		{33876C12-E294-4D89-6561-A5C8ED739643}.Release|Any CPU.ActiveCfg = Release|Any CPU
		{33876C12-E294-4D89-6561-A5C8ED739643}.Release|Any CPU.Build.0 = Release|Any CPU
	EndGlobalSection
	GlobalSection(SolutionProperties) = preSolution
		HideSolutionNode = FALSE
	EndGlobalSection
	GlobalSection(ExtensibilityGlobals) = postSolution
		SolutionGuid = {64F22AC2-6949-45CE-9FC6-06C8D4C85589}
	EndGlobalSection
EndGlobal
